// !$*UTF8*$!
{
	archiveVersion = 1;
	classes = {
	};
	objectVersion = 55;
	objects = {

/* Begin PBXBuildFile section */
		049E75B82810BD9D000DBBA8 /* TryTinggApp.swift in Sources */ = {isa = PBXBuildFile; fileRef = 049E75B72810BD9D000DBBA8 /* TryTinggApp.swift */; };
		049E75BA2810BD9D000DBBA8 /* ContentView.swift in Sources */ = {isa = PBXBuildFile; fileRef = 049E75B92810BD9D000DBBA8 /* ContentView.swift */; };
		049E75BC2810BDA1000DBBA8 /* Assets.xcassets in Resources */ = {isa = PBXBuildFile; fileRef = 049E75BB2810BDA1000DBBA8 /* Assets.xcassets */; };
		049E75BF2810BDA1000DBBA8 /* Preview Assets.xcassets in Resources */ = {isa = PBXBuildFile; fileRef = 049E75BE2810BDA1000DBBA8 /* Preview Assets.xcassets */; };
		049E75C92810BDA2000DBBA8 /* TryTinggTests.swift in Sources */ = {isa = PBXBuildFile; fileRef = 049E75C82810BDA2000DBBA8 /* TryTinggTests.swift */; };
		049E75D32810BDA2000DBBA8 /* TryTinggUITests.swift in Sources */ = {isa = PBXBuildFile; fileRef = 049E75D22810BDA2000DBBA8 /* TryTinggUITests.swift */; };
		049E75D52810BDA2000DBBA8 /* TryTinggUITestsLaunchTests.swift in Sources */ = {isa = PBXBuildFile; fileRef = 049E75D42810BDA2000DBBA8 /* TryTinggUITestsLaunchTests.swift */; };
		04DB6F5D28143F6A006425D8 /* ViewExtensions.swift in Sources */ = {isa = PBXBuildFile; fileRef = 04DB6F5C28143F6A006425D8 /* ViewExtensions.swift */; };
		04DB6F5F281462F1006425D8 /* LoginView.swift in Sources */ = {isa = PBXBuildFile; fileRef = 04DB6F5E281462F0006425D8 /* LoginView.swift */; };
		04DB6F61281465B9006425D8 /* TextFieldStyle.swift in Sources */ = {isa = PBXBuildFile; fileRef = 04DB6F60281465B9006425D8 /* TextFieldStyle.swift */; };
		04DB6F6328148825006425D8 /* AnimationEffect.swift in Sources */ = {isa = PBXBuildFile; fileRef = 04DB6F6228148825006425D8 /* AnimationEffect.swift */; };
		04DB6F662814B506006425D8 /* LandingView.swift in Sources */ = {isa = PBXBuildFile; fileRef = 04DB6F652814B506006425D8 /* LandingView.swift */; };
		04DB6F68281557FF006425D8 /* leadership.json in Resources */ = {isa = PBXBuildFile; fileRef = 04DB6F67281557FF006425D8 /* leadership.json */; };
		04DB6F6A28155C72006425D8 /* OrganisationView.swift in Sources */ = {isa = PBXBuildFile; fileRef = 04DB6F6928155C72006425D8 /* OrganisationView.swift */; };
		04DB6F6C28155E2C006425D8 /* DataDecoder.swift in Sources */ = {isa = PBXBuildFile; fileRef = 04DB6F6B28155E2C006425D8 /* DataDecoder.swift */; };
		04DB6F6E2815634B006425D8 /* Leadership.swift in Sources */ = {isa = PBXBuildFile; fileRef = 04DB6F6D2815634B006425D8 /* Leadership.swift */; };
		04DB6F7028156EAC006425D8 /* ItemRow.swift in Sources */ = {isa = PBXBuildFile; fileRef = 04DB6F6F28156EAC006425D8 /* ItemRow.swift */; };
		04DB6F7228156F16006425D8 /* ListItem.swift in Sources */ = {isa = PBXBuildFile; fileRef = 04DB6F7128156F16006425D8 /* ListItem.swift */; };
		04DB6F7428157559006425D8 /* Champion.swift in Sources */ = {isa = PBXBuildFile; fileRef = 04DB6F7328157559006425D8 /* Champion.swift */; };
		04DB6F7828157EA7006425D8 /* champions.json in Resources */ = {isa = PBXBuildFile; fileRef = 04DB6F7728157EA7006425D8 /* champions.json */; };
		04DB6F7A2815A2CA006425D8 /* ChampionsView.swift in Sources */ = {isa = PBXBuildFile; fileRef = 04DB6F792815A2CA006425D8 /* ChampionsView.swift */; };
		04DB6F7C2815A3EB006425D8 /* LeadershipView.swift in Sources */ = {isa = PBXBuildFile; fileRef = 04DB6F7B2815A3EB006425D8 /* LeadershipView.swift */; };
		04DB6F7E2815A63D006425D8 /* MapView.swift in Sources */ = {isa = PBXBuildFile; fileRef = 04DB6F7D2815A63D006425D8 /* MapView.swift */; };
		04DB6F802815C54F006425D8 /* DetailView.swift in Sources */ = {isa = PBXBuildFile; fileRef = 04DB6F7F2815C54E006425D8 /* DetailView.swift */; };
/* End PBXBuildFile section */

/* Begin PBXContainerItemProxy section */
		049E75C52810BDA2000DBBA8 /* PBXContainerItemProxy */ = {
			isa = PBXContainerItemProxy;
			containerPortal = 049E75AC2810BD9D000DBBA8 /* Project object */;
			proxyType = 1;
			remoteGlobalIDString = 049E75B32810BD9D000DBBA8;
			remoteInfo = TryTingg;
		};
		049E75CF2810BDA2000DBBA8 /* PBXContainerItemProxy */ = {
			isa = PBXContainerItemProxy;
			containerPortal = 049E75AC2810BD9D000DBBA8 /* Project object */;
			proxyType = 1;
			remoteGlobalIDString = 049E75B32810BD9D000DBBA8;
			remoteInfo = TryTingg;
		};
/* End PBXContainerItemProxy section */

/* Begin PBXFileReference section */
		049E75B42810BD9D000DBBA8 /* TryTingg.app */ = {isa = PBXFileReference; explicitFileType = wrapper.application; includeInIndex = 0; path = TryTingg.app; sourceTree = BUILT_PRODUCTS_DIR; };
		049E75B72810BD9D000DBBA8 /* TryTinggApp.swift */ = {isa = PBXFileReference; lastKnownFileType = sourcecode.swift; path = TryTinggApp.swift; sourceTree = "<group>"; };
		049E75B92810BD9D000DBBA8 /* ContentView.swift */ = {isa = PBXFileReference; lastKnownFileType = sourcecode.swift; path = ContentView.swift; sourceTree = "<group>"; };
		049E75BB2810BDA1000DBBA8 /* Assets.xcassets */ = {isa = PBXFileReference; lastKnownFileType = folder.assetcatalog; path = Assets.xcassets; sourceTree = "<group>"; };
		049E75BE2810BDA1000DBBA8 /* Preview Assets.xcassets */ = {isa = PBXFileReference; lastKnownFileType = folder.assetcatalog; path = "Preview Assets.xcassets"; sourceTree = "<group>"; };
		049E75C42810BDA2000DBBA8 /* TryTinggTests.xctest */ = {isa = PBXFileReference; explicitFileType = wrapper.cfbundle; includeInIndex = 0; path = TryTinggTests.xctest; sourceTree = BUILT_PRODUCTS_DIR; };
		049E75C82810BDA2000DBBA8 /* TryTinggTests.swift */ = {isa = PBXFileReference; lastKnownFileType = sourcecode.swift; path = TryTinggTests.swift; sourceTree = "<group>"; };
		049E75CE2810BDA2000DBBA8 /* TryTinggUITests.xctest */ = {isa = PBXFileReference; explicitFileType = wrapper.cfbundle; includeInIndex = 0; path = TryTinggUITests.xctest; sourceTree = BUILT_PRODUCTS_DIR; };
		049E75D22810BDA2000DBBA8 /* TryTinggUITests.swift */ = {isa = PBXFileReference; lastKnownFileType = sourcecode.swift; path = TryTinggUITests.swift; sourceTree = "<group>"; };
		049E75D42810BDA2000DBBA8 /* TryTinggUITestsLaunchTests.swift */ = {isa = PBXFileReference; lastKnownFileType = sourcecode.swift; path = TryTinggUITestsLaunchTests.swift; sourceTree = "<group>"; };
		04DB6F5C28143F6A006425D8 /* ViewExtensions.swift */ = {isa = PBXFileReference; lastKnownFileType = sourcecode.swift; path = ViewExtensions.swift; sourceTree = "<group>"; };
		04DB6F5E281462F0006425D8 /* LoginView.swift */ = {isa = PBXFileReference; lastKnownFileType = sourcecode.swift; path = LoginView.swift; sourceTree = "<group>"; };
		04DB6F60281465B9006425D8 /* TextFieldStyle.swift */ = {isa = PBXFileReference; lastKnownFileType = sourcecode.swift; path = TextFieldStyle.swift; sourceTree = "<group>"; };
		04DB6F6228148825006425D8 /* AnimationEffect.swift */ = {isa = PBXFileReference; lastKnownFileType = sourcecode.swift; path = AnimationEffect.swift; sourceTree = "<group>"; };
		04DB6F652814B506006425D8 /* LandingView.swift */ = {isa = PBXFileReference; lastKnownFileType = sourcecode.swift; path = LandingView.swift; sourceTree = "<group>"; };
		04DB6F67281557FF006425D8 /* leadership.json */ = {isa = PBXFileReference; lastKnownFileType = text.json; path = leadership.json; sourceTree = "<group>"; };
		04DB6F6928155C72006425D8 /* OrganisationView.swift */ = {isa = PBXFileReference; lastKnownFileType = sourcecode.swift; path = OrganisationView.swift; sourceTree = "<group>"; };
		04DB6F6B28155E2C006425D8 /* DataDecoder.swift */ = {isa = PBXFileReference; lastKnownFileType = sourcecode.swift; path = DataDecoder.swift; sourceTree = "<group>"; };
		04DB6F6D2815634B006425D8 /* Leadership.swift */ = {isa = PBXFileReference; lastKnownFileType = sourcecode.swift; path = Leadership.swift; sourceTree = "<group>"; };
		04DB6F6F28156EAC006425D8 /* ItemRow.swift */ = {isa = PBXFileReference; lastKnownFileType = sourcecode.swift; path = ItemRow.swift; sourceTree = "<group>"; };
		04DB6F7128156F16006425D8 /* ListItem.swift */ = {isa = PBXFileReference; lastKnownFileType = sourcecode.swift; path = ListItem.swift; sourceTree = "<group>"; };
		04DB6F7328157559006425D8 /* Champion.swift */ = {isa = PBXFileReference; lastKnownFileType = sourcecode.swift; path = Champion.swift; sourceTree = "<group>"; };
		04DB6F7728157EA7006425D8 /* champions.json */ = {isa = PBXFileReference; lastKnownFileType = text.json; path = champions.json; sourceTree = "<group>"; };
		04DB6F792815A2CA006425D8 /* ChampionsView.swift */ = {isa = PBXFileReference; lastKnownFileType = sourcecode.swift; path = ChampionsView.swift; sourceTree = "<group>"; };
		04DB6F7B2815A3EB006425D8 /* LeadershipView.swift */ = {isa = PBXFileReference; lastKnownFileType = sourcecode.swift; path = LeadershipView.swift; sourceTree = "<group>"; };
		04DB6F7D2815A63D006425D8 /* MapView.swift */ = {isa = PBXFileReference; lastKnownFileType = sourcecode.swift; path = MapView.swift; sourceTree = "<group>"; };
		04DB6F7F2815C54E006425D8 /* DetailView.swift */ = {isa = PBXFileReference; lastKnownFileType = sourcecode.swift; path = DetailView.swift; sourceTree = "<group>"; };
/* End PBXFileReference section */

/* Begin PBXFrameworksBuildPhase section */
		049E75B12810BD9D000DBBA8 /* Frameworks */ = {
			isa = PBXFrameworksBuildPhase;
			buildActionMask = 2147483647;
			files = (
			);
			runOnlyForDeploymentPostprocessing = 0;
		};
		049E75C12810BDA2000DBBA8 /* Frameworks */ = {
			isa = PBXFrameworksBuildPhase;
			buildActionMask = 2147483647;
			files = (
			);
			runOnlyForDeploymentPostprocessing = 0;
		};
		049E75CB2810BDA2000DBBA8 /* Frameworks */ = {
			isa = PBXFrameworksBuildPhase;
			buildActionMask = 2147483647;
			files = (
			);
			runOnlyForDeploymentPostprocessing = 0;
		};
/* End PBXFrameworksBuildPhase section */

/* Begin PBXGroup section */
		049E75AB2810BD9D000DBBA8 = {
			isa = PBXGroup;
			children = (
				049E75B62810BD9D000DBBA8 /* TryTingg */,
				049E75C72810BDA2000DBBA8 /* TryTinggTests */,
				049E75D12810BDA2000DBBA8 /* TryTinggUITests */,
				049E75B52810BD9D000DBBA8 /* Products */,
			);
			sourceTree = "<group>";
		};
		049E75B52810BD9D000DBBA8 /* Products */ = {
			isa = PBXGroup;
			children = (
				049E75B42810BD9D000DBBA8 /* TryTingg.app */,
				049E75C42810BDA2000DBBA8 /* TryTinggTests.xctest */,
				049E75CE2810BDA2000DBBA8 /* TryTinggUITests.xctest */,
			);
			name = Products;
			sourceTree = "<group>";
		};
		049E75B62810BD9D000DBBA8 /* TryTingg */ = {
			isa = PBXGroup;
			children = (
				04DB6F822815D361006425D8 /* Model */,
				04DB6F812815D327006425D8 /* Views */,
				04DB6F5B28143F57006425D8 /* Utils */,
				049E75B72810BD9D000DBBA8 /* TryTinggApp.swift */,
				04DB6F67281557FF006425D8 /* leadership.json */,
				04DB6F7728157EA7006425D8 /* champions.json */,
				049E75BB2810BDA1000DBBA8 /* Assets.xcassets */,
				049E75BD2810BDA1000DBBA8 /* Preview Content */,
			);
			path = TryTingg;
			sourceTree = "<group>";
		};
		049E75BD2810BDA1000DBBA8 /* Preview Content */ = {
			isa = PBXGroup;
			children = (
				049E75BE2810BDA1000DBBA8 /* Preview Assets.xcassets */,
			);
			path = "Preview Content";
			sourceTree = "<group>";
		};
		049E75C72810BDA2000DBBA8 /* TryTinggTests */ = {
			isa = PBXGroup;
			children = (
				049E75C82810BDA2000DBBA8 /* TryTinggTests.swift */,
			);
			path = TryTinggTests;
			sourceTree = "<group>";
		};
		049E75D12810BDA2000DBBA8 /* TryTinggUITests */ = {
			isa = PBXGroup;
			children = (
				049E75D22810BDA2000DBBA8 /* TryTinggUITests.swift */,
				049E75D42810BDA2000DBBA8 /* TryTinggUITestsLaunchTests.swift */,
			);
			path = TryTinggUITests;
			sourceTree = "<group>";
		};
		04DB6F5B28143F57006425D8 /* Utils */ = {
			isa = PBXGroup;
			children = (
				04DB6F5C28143F6A006425D8 /* ViewExtensions.swift */,
				04DB6F60281465B9006425D8 /* TextFieldStyle.swift */,
				04DB6F6228148825006425D8 /* AnimationEffect.swift */,
				04DB6F6B28155E2C006425D8 /* DataDecoder.swift */,
			);
			path = Utils;
			sourceTree = "<group>";
		};
		04DB6F812815D327006425D8 /* Views */ = {
			isa = PBXGroup;
			children = (
				04DB6F792815A2CA006425D8 /* ChampionsView.swift */,
				049E75B92810BD9D000DBBA8 /* ContentView.swift */,
				04DB6F7F2815C54E006425D8 /* DetailView.swift */,
				04DB6F652814B506006425D8 /* LandingView.swift */,
				04DB6F7B2815A3EB006425D8 /* LeadershipView.swift */,
				04DB6F5E281462F0006425D8 /* LoginView.swift */,
				04DB6F7D2815A63D006425D8 /* MapView.swift */,
				04DB6F6928155C72006425D8 /* OrganisationView.swift */,
			);
			path = Views;
			sourceTree = "<group>";
		};
		04DB6F822815D361006425D8 /* Model */ = {
			isa = PBXGroup;
			children = (
				04DB6F7328157559006425D8 /* Champion.swift */,
				04DB6F6F28156EAC006425D8 /* ItemRow.swift */,
				04DB6F6D2815634B006425D8 /* Leadership.swift */,
				04DB6F7128156F16006425D8 /* ListItem.swift */,
			);
			path = Model;
			sourceTree = "<group>";
		};
/* End PBXGroup section */

/* Begin PBXNativeTarget section */
		049E75B32810BD9D000DBBA8 /* TryTingg */ = {
			isa = PBXNativeTarget;
			buildConfigurationList = 049E75D82810BDA2000DBBA8 /* Build configuration list for PBXNativeTarget "TryTingg" */;
			buildPhases = (
				049E75B02810BD9D000DBBA8 /* Sources */,
				049E75B12810BD9D000DBBA8 /* Frameworks */,
				049E75B22810BD9D000DBBA8 /* Resources */,
			);
			buildRules = (
			);
			dependencies = (
			);
			name = TryTingg;
			productName = TryTingg;
			productReference = 049E75B42810BD9D000DBBA8 /* TryTingg.app */;
			productType = "com.apple.product-type.application";
		};
		049E75C32810BDA2000DBBA8 /* TryTinggTests */ = {
			isa = PBXNativeTarget;
			buildConfigurationList = 049E75DB2810BDA2000DBBA8 /* Build configuration list for PBXNativeTarget "TryTinggTests" */;
			buildPhases = (
				049E75C02810BDA2000DBBA8 /* Sources */,
				049E75C12810BDA2000DBBA8 /* Frameworks */,
				049E75C22810BDA2000DBBA8 /* Resources */,
			);
			buildRules = (
			);
			dependencies = (
				049E75C62810BDA2000DBBA8 /* PBXTargetDependency */,
			);
			name = TryTinggTests;
			productName = TryTinggTests;
			productReference = 049E75C42810BDA2000DBBA8 /* TryTinggTests.xctest */;
			productType = "com.apple.product-type.bundle.unit-test";
		};
		049E75CD2810BDA2000DBBA8 /* TryTinggUITests */ = {
			isa = PBXNativeTarget;
			buildConfigurationList = 049E75DE2810BDA2000DBBA8 /* Build configuration list for PBXNativeTarget "TryTinggUITests" */;
			buildPhases = (
				049E75CA2810BDA2000DBBA8 /* Sources */,
				049E75CB2810BDA2000DBBA8 /* Frameworks */,
				049E75CC2810BDA2000DBBA8 /* Resources */,
			);
			buildRules = (
			);
			dependencies = (
				049E75D02810BDA2000DBBA8 /* PBXTargetDependency */,
			);
			name = TryTinggUITests;
			productName = TryTinggUITests;
			productReference = 049E75CE2810BDA2000DBBA8 /* TryTinggUITests.xctest */;
			productType = "com.apple.product-type.bundle.ui-testing";
		};
/* End PBXNativeTarget section */

/* Begin PBXProject section */
		049E75AC2810BD9D000DBBA8 /* Project object */ = {
			isa = PBXProject;
			attributes = {
				BuildIndependentTargetsInParallel = 1;
				LastSwiftUpdateCheck = 1320;
				LastUpgradeCheck = 1320;
				TargetAttributes = {
					049E75B32810BD9D000DBBA8 = {
						CreatedOnToolsVersion = 13.2.1;
					};
					049E75C32810BDA2000DBBA8 = {
						CreatedOnToolsVersion = 13.2.1;
						TestTargetID = 049E75B32810BD9D000DBBA8;
					};
					049E75CD2810BDA2000DBBA8 = {
						CreatedOnToolsVersion = 13.2.1;
						TestTargetID = 049E75B32810BD9D000DBBA8;
					};
				};
			};
			buildConfigurationList = 049E75AF2810BD9D000DBBA8 /* Build configuration list for PBXProject "TryTingg" */;
			compatibilityVersion = "Xcode 13.0";
			developmentRegion = en;
			hasScannedForEncodings = 0;
			knownRegions = (
				en,
				Base,
			);
			mainGroup = 049E75AB2810BD9D000DBBA8;
			productRefGroup = 049E75B52810BD9D000DBBA8 /* Products */;
			projectDirPath = "";
			projectRoot = "";
			targets = (
				049E75B32810BD9D000DBBA8 /* TryTingg */,
				049E75C32810BDA2000DBBA8 /* TryTinggTests */,
				049E75CD2810BDA2000DBBA8 /* TryTinggUITests */,
			);
		};
/* End PBXProject section */

/* Begin PBXResourcesBuildPhase section */
		049E75B22810BD9D000DBBA8 /* Resources */ = {
			isa = PBXResourcesBuildPhase;
			buildActionMask = 2147483647;
			files = (
				04DB6F7828157EA7006425D8 /* champions.json in Resources */,
				049E75BF2810BDA1000DBBA8 /* Preview Assets.xcassets in Resources */,
				049E75BC2810BDA1000DBBA8 /* Assets.xcassets in Resources */,
				04DB6F68281557FF006425D8 /* leadership.json in Resources */,
			);
			runOnlyForDeploymentPostprocessing = 0;
		};
		049E75C22810BDA2000DBBA8 /* Resources */ = {
			isa = PBXResourcesBuildPhase;
			buildActionMask = 2147483647;
			files = (
			);
			runOnlyForDeploymentPostprocessing = 0;
		};
		049E75CC2810BDA2000DBBA8 /* Resources */ = {
			isa = PBXResourcesBuildPhase;
			buildActionMask = 2147483647;
			files = (
			);
			runOnlyForDeploymentPostprocessing = 0;
		};
/* End PBXResourcesBuildPhase section */

/* Begin PBXSourcesBuildPhase section */
		049E75B02810BD9D000DBBA8 /* Sources */ = {
			isa = PBXSourcesBuildPhase;
			buildActionMask = 2147483647;
			files = (
				04DB6F7428157559006425D8 /* Champion.swift in Sources */,
				04DB6F7E2815A63D006425D8 /* MapView.swift in Sources */,
				04DB6F802815C54F006425D8 /* DetailView.swift in Sources */,
				04DB6F7C2815A3EB006425D8 /* LeadershipView.swift in Sources */,
				04DB6F7228156F16006425D8 /* ListItem.swift in Sources */,
				049E75BA2810BD9D000DBBA8 /* ContentView.swift in Sources */,
				04DB6F5D28143F6A006425D8 /* ViewExtensions.swift in Sources */,
				04DB6F5F281462F1006425D8 /* LoginView.swift in Sources */,
				04DB6F7A2815A2CA006425D8 /* ChampionsView.swift in Sources */,
				04DB6F6C28155E2C006425D8 /* DataDecoder.swift in Sources */,
				04DB6F6A28155C72006425D8 /* OrganisationView.swift in Sources */,
				04DB6F61281465B9006425D8 /* TextFieldStyle.swift in Sources */,
				04DB6F6E2815634B006425D8 /* Leadership.swift in Sources */,
				049E75B82810BD9D000DBBA8 /* TryTinggApp.swift in Sources */,
				04DB6F7028156EAC006425D8 /* ItemRow.swift in Sources */,
				04DB6F662814B506006425D8 /* LandingView.swift in Sources */,
				04DB6F6328148825006425D8 /* AnimationEffect.swift in Sources */,
			);
			runOnlyForDeploymentPostprocessing = 0;
		};
		049E75C02810BDA2000DBBA8 /* Sources */ = {
			isa = PBXSourcesBuildPhase;
			buildActionMask = 2147483647;
			files = (
				049E75C92810BDA2000DBBA8 /* TryTinggTests.swift in Sources */,
			);
			runOnlyForDeploymentPostprocessing = 0;
		};
		049E75CA2810BDA2000DBBA8 /* Sources */ = {
			isa = PBXSourcesBuildPhase;
			buildActionMask = 2147483647;
			files = (
				049E75D52810BDA2000DBBA8 /* TryTinggUITestsLaunchTests.swift in Sources */,
				049E75D32810BDA2000DBBA8 /* TryTinggUITests.swift in Sources */,
			);
			runOnlyForDeploymentPostprocessing = 0;
		};
/* End PBXSourcesBuildPhase section */

/* Begin PBXTargetDependency section */
		049E75C62810BDA2000DBBA8 /* PBXTargetDependency */ = {
			isa = PBXTargetDependency;
			target = 049E75B32810BD9D000DBBA8 /* TryTingg */;
			targetProxy = 049E75C52810BDA2000DBBA8 /* PBXContainerItemProxy */;
		};
		049E75D02810BDA2000DBBA8 /* PBXTargetDependency */ = {
			isa = PBXTargetDependency;
			target = 049E75B32810BD9D000DBBA8 /* TryTingg */;
			targetProxy = 049E75CF2810BDA2000DBBA8 /* PBXContainerItemProxy */;
		};
/* End PBXTargetDependency section */

/* Begin XCBuildConfiguration section */
		049E75D62810BDA2000DBBA8 /* Debug */ = {
			isa = XCBuildConfiguration;
			buildSettings = {
				ALWAYS_SEARCH_USER_PATHS = NO;
				CLANG_ANALYZER_NONNULL = YES;
				CLANG_ANALYZER_NUMBER_OBJECT_CONVERSION = YES_AGGRESSIVE;
				CLANG_CXX_LANGUAGE_STANDARD = "gnu++17";
				CLANG_CXX_LIBRARY = "libc++";
				CLANG_ENABLE_MODULES = YES;
				CLANG_ENABLE_OBJC_ARC = YES;
				CLANG_ENABLE_OBJC_WEAK = YES;
				CLANG_WARN_BLOCK_CAPTURE_AUTORELEASING = YES;
				CLANG_WARN_BOOL_CONVERSION = YES;
				CLANG_WARN_COMMA = YES;
				CLANG_WARN_CONSTANT_CONVERSION = YES;
				CLANG_WARN_DEPRECATED_OBJC_IMPLEMENTATIONS = YES;
				CLANG_WARN_DIRECT_OBJC_ISA_USAGE = YES_ERROR;
				CLANG_WARN_DOCUMENTATION_COMMENTS = YES;
				CLANG_WARN_EMPTY_BODY = YES;
				CLANG_WARN_ENUM_CONVERSION = YES;
				CLANG_WARN_INFINITE_RECURSION = YES;
				CLANG_WARN_INT_CONVERSION = YES;
				CLANG_WARN_NON_LITERAL_NULL_CONVERSION = YES;
				CLANG_WARN_OBJC_IMPLICIT_RETAIN_SELF = YES;
				CLANG_WARN_OBJC_LITERAL_CONVERSION = YES;
				CLANG_WARN_OBJC_ROOT_CLASS = YES_ERROR;
				CLANG_WARN_QUOTED_INCLUDE_IN_FRAMEWORK_HEADER = YES;
				CLANG_WARN_RANGE_LOOP_ANALYSIS = YES;
				CLANG_WARN_STRICT_PROTOTYPES = YES;
				CLANG_WARN_SUSPICIOUS_MOVE = YES;
				CLANG_WARN_UNGUARDED_AVAILABILITY = YES_AGGRESSIVE;
				CLANG_WARN_UNREACHABLE_CODE = YES;
				CLANG_WARN__DUPLICATE_METHOD_MATCH = YES;
				COPY_PHASE_STRIP = NO;
				DEBUG_INFORMATION_FORMAT = dwarf;
				ENABLE_STRICT_OBJC_MSGSEND = YES;
				ENABLE_TESTABILITY = YES;
				GCC_C_LANGUAGE_STANDARD = gnu11;
				GCC_DYNAMIC_NO_PIC = NO;
				GCC_NO_COMMON_BLOCKS = YES;
				GCC_OPTIMIZATION_LEVEL = 0;
				GCC_PREPROCESSOR_DEFINITIONS = (
					"DEBUG=1",
					"$(inherited)",
				);
				GCC_WARN_64_TO_32_BIT_CONVERSION = YES;
				GCC_WARN_ABOUT_RETURN_TYPE = YES_ERROR;
				GCC_WARN_UNDECLARED_SELECTOR = YES;
				GCC_WARN_UNINITIALIZED_AUTOS = YES_AGGRESSIVE;
				GCC_WARN_UNUSED_FUNCTION = YES;
				GCC_WARN_UNUSED_VARIABLE = YES;
				IPHONEOS_DEPLOYMENT_TARGET = 15.2;
				MTL_ENABLE_DEBUG_INFO = INCLUDE_SOURCE;
				MTL_FAST_MATH = YES;
				ONLY_ACTIVE_ARCH = YES;
				SDKROOT = iphoneos;
				SWIFT_ACTIVE_COMPILATION_CONDITIONS = DEBUG;
				SWIFT_OPTIMIZATION_LEVEL = "-Onone";
			};
			name = Debug;
		};
		049E75D72810BDA2000DBBA8 /* Release */ = {
			isa = XCBuildConfiguration;
			buildSettings = {
				ALWAYS_SEARCH_USER_PATHS = NO;
				CLANG_ANALYZER_NONNULL = YES;
				CLANG_ANALYZER_NUMBER_OBJECT_CONVERSION = YES_AGGRESSIVE;
				CLANG_CXX_LANGUAGE_STANDARD = "gnu++17";
				CLANG_CXX_LIBRARY = "libc++";
				CLANG_ENABLE_MODULES = YES;
				CLANG_ENABLE_OBJC_ARC = YES;
				CLANG_ENABLE_OBJC_WEAK = YES;
				CLANG_WARN_BLOCK_CAPTURE_AUTORELEASING = YES;
				CLANG_WARN_BOOL_CONVERSION = YES;
				CLANG_WARN_COMMA = YES;
				CLANG_WARN_CONSTANT_CONVERSION = YES;
				CLANG_WARN_DEPRECATED_OBJC_IMPLEMENTATIONS = YES;
				CLANG_WARN_DIRECT_OBJC_ISA_USAGE = YES_ERROR;
				CLANG_WARN_DOCUMENTATION_COMMENTS = YES;
				CLANG_WARN_EMPTY_BODY = YES;
				CLANG_WARN_ENUM_CONVERSION = YES;
				CLANG_WARN_INFINITE_RECURSION = YES;
				CLANG_WARN_INT_CONVERSION = YES;
				CLANG_WARN_NON_LITERAL_NULL_CONVERSION = YES;
				CLANG_WARN_OBJC_IMPLICIT_RETAIN_SELF = YES;
				CLANG_WARN_OBJC_LITERAL_CONVERSION = YES;
				CLANG_WARN_OBJC_ROOT_CLASS = YES_ERROR;
				CLANG_WARN_QUOTED_INCLUDE_IN_FRAMEWORK_HEADER = YES;
				CLANG_WARN_RANGE_LOOP_ANALYSIS = YES;
				CLANG_WARN_STRICT_PROTOTYPES = YES;
				CLANG_WARN_SUSPICIOUS_MOVE = YES;
				CLANG_WARN_UNGUARDED_AVAILABILITY = YES_AGGRESSIVE;
				CLANG_WARN_UNREACHABLE_CODE = YES;
				CLANG_WARN__DUPLICATE_METHOD_MATCH = YES;
				COPY_PHASE_STRIP = NO;
				DEBUG_INFORMATION_FORMAT = "dwarf-with-dsym";
				ENABLE_NS_ASSERTIONS = NO;
				ENABLE_STRICT_OBJC_MSGSEND = YES;
				GCC_C_LANGUAGE_STANDARD = gnu11;
				GCC_NO_COMMON_BLOCKS = YES;
				GCC_WARN_64_TO_32_BIT_CONVERSION = YES;
				GCC_WARN_ABOUT_RETURN_TYPE = YES_ERROR;
				GCC_WARN_UNDECLARED_SELECTOR = YES;
				GCC_WARN_UNINITIALIZED_AUTOS = YES_AGGRESSIVE;
				GCC_WARN_UNUSED_FUNCTION = YES;
				GCC_WARN_UNUSED_VARIABLE = YES;
				IPHONEOS_DEPLOYMENT_TARGET = 15.2;
				MTL_ENABLE_DEBUG_INFO = NO;
				MTL_FAST_MATH = YES;
				SDKROOT = iphoneos;
				SWIFT_COMPILATION_MODE = wholemodule;
				SWIFT_OPTIMIZATION_LEVEL = "-O";
				VALIDATE_PRODUCT = YES;
			};
			name = Release;
		};
		049E75D92810BDA2000DBBA8 /* Debug */ = {
			isa = XCBuildConfiguration;
			buildSettings = {
				ASSETCATALOG_COMPILER_APPICON_NAME = AppIcon;
				ASSETCATALOG_COMPILER_GLOBAL_ACCENT_COLOR_NAME = AccentColor;
				CODE_SIGN_STYLE = Automatic;
				CURRENT_PROJECT_VERSION = 1;
				DEVELOPMENT_ASSET_PATHS = "\"TryTingg/Preview Content\"";
				DEVELOPMENT_TEAM = 5Q5ZQNKVUT;
				ENABLE_PREVIEWS = YES;
				GENERATE_INFOPLIST_FILE = YES;
				INFOPLIST_KEY_UIApplicationSceneManifest_Generation = YES;
				INFOPLIST_KEY_UIApplicationSupportsIndirectInputEvents = YES;
				INFOPLIST_KEY_UILaunchScreen_Generation = YES;
				INFOPLIST_KEY_UISupportedInterfaceOrientations_iPad = "UIInterfaceOrientationPortrait UIInterfaceOrientationPortraitUpsideDown UIInterfaceOrientationLandscapeLeft UIInterfaceOrientationLandscapeRight";
				INFOPLIST_KEY_UISupportedInterfaceOrientations_iPhone = "UIInterfaceOrientationPortrait UIInterfaceOrientationLandscapeLeft UIInterfaceOrientationLandscapeRight";
				LD_RUNPATH_SEARCH_PATHS = (
					"$(inherited)",
					"@executable_path/Frameworks",
				);
				MARKETING_VERSION = 1.0;
				PRODUCT_BUNDLE_IDENTIFIER = com.darothub.swift.TryTingg;
				PRODUCT_NAME = "$(TARGET_NAME)";
				SWIFT_EMIT_LOC_STRINGS = YES;
				SWIFT_VERSION = 5.0;
				TARGETED_DEVICE_FAMILY = "1,2";
			};
			name = Debug;
		};
		049E75DA2810BDA2000DBBA8 /* Release */ = {
			isa = XCBuildConfiguration;
			buildSettings = {
				ASSETCATALOG_COMPILER_APPICON_NAME = AppIcon;
				ASSETCATALOG_COMPILER_GLOBAL_ACCENT_COLOR_NAME = AccentColor;
				CODE_SIGN_STYLE = Automatic;
				CURRENT_PROJECT_VERSION = 1;
				DEVELOPMENT_ASSET_PATHS = "\"TryTingg/Preview Content\"";
				DEVELOPMENT_TEAM = 5Q5ZQNKVUT;
				ENABLE_PREVIEWS = YES;
				GENERATE_INFOPLIST_FILE = YES;
				INFOPLIST_KEY_UIApplicationSceneManifest_Generation = YES;
				INFOPLIST_KEY_UIApplicationSupportsIndirectInputEvents = YES;
				INFOPLIST_KEY_UILaunchScreen_Generation = YES;
				INFOPLIST_KEY_UISupportedInterfaceOrientations_iPad = "UIInterfaceOrientationPortrait UIInterfaceOrientationPortraitUpsideDown UIInterfaceOrientationLandscapeLeft UIInterfaceOrientationLandscapeRight";
				INFOPLIST_KEY_UISupportedInterfaceOrientations_iPhone = "UIInterfaceOrientationPortrait UIInterfaceOrientationLandscapeLeft UIInterfaceOrientationLandscapeRight";
				LD_RUNPATH_SEARCH_PATHS = (
					"$(inherited)",
					"@executable_path/Frameworks",
				);
				MARKETING_VERSION = 1.0;
				PRODUCT_BUNDLE_IDENTIFIER = com.darothub.swift.TryTingg;
				PRODUCT_NAME = "$(TARGET_NAME)";
				SWIFT_EMIT_LOC_STRINGS = YES;
				SWIFT_VERSION = 5.0;
				TARGETED_DEVICE_FAMILY = "1,2";
			};
			name = Release;
		};
		049E75DC2810BDA2000DBBA8 /* Debug */ = {
			isa = XCBuildConfiguration;
			buildSettings = {
				ALWAYS_EMBED_SWIFT_STANDARD_LIBRARIES = YES;
				BUNDLE_LOADER = "$(TEST_HOST)";
				CODE_SIGN_STYLE = Automatic;
				CURRENT_PROJECT_VERSION = 1;
				DEVELOPMENT_TEAM = 5Q5ZQNKVUT;
				GENERATE_INFOPLIST_FILE = YES;
				IPHONEOS_DEPLOYMENT_TARGET = 15.2;
				MARKETING_VERSION = 1.0;
				PRODUCT_BUNDLE_IDENTIFIER = com.darothub.swift.TryTinggTests;
				PRODUCT_NAME = "$(TARGET_NAME)";
				SWIFT_EMIT_LOC_STRINGS = NO;
				SWIFT_VERSION = 5.0;
				TARGETED_DEVICE_FAMILY = "1,2";
				TEST_HOST = "$(BUILT_PRODUCTS_DIR)/TryTingg.app/TryTingg";
			};
			name = Debug;
		};
		049E75DD2810BDA2000DBBA8 /* Release */ = {
			isa = XCBuildConfiguration;
			buildSettings = {
				ALWAYS_EMBED_SWIFT_STANDARD_LIBRARIES = YES;
				BUNDLE_LOADER = "$(TEST_HOST)";
				CODE_SIGN_STYLE = Automatic;
				CURRENT_PROJECT_VERSION = 1;
				DEVELOPMENT_TEAM = 5Q5ZQNKVUT;
				GENERATE_INFOPLIST_FILE = YES;
				IPHONEOS_DEPLOYMENT_TARGET = 15.2;
				MARKETING_VERSION = 1.0;
				PRODUCT_BUNDLE_IDENTIFIER = com.darothub.swift.TryTinggTests;
				PRODUCT_NAME = "$(TARGET_NAME)";
				SWIFT_EMIT_LOC_STRINGS = NO;
				SWIFT_VERSION = 5.0;
				TARGETED_DEVICE_FAMILY = "1,2";
				TEST_HOST = "$(BUILT_PRODUCTS_DIR)/TryTingg.app/TryTingg";
			};
			name = Release;
		};
		049E75DF2810BDA2000DBBA8 /* Debug */ = {
			isa = XCBuildConfiguration;
			buildSettings = {
				ALWAYS_EMBED_SWIFT_STANDARD_LIBRARIES = YES;
				CODE_SIGN_STYLE = Automatic;
				CURRENT_PROJECT_VERSION = 1;
				DEVELOPMENT_TEAM = 5Q5ZQNKVUT;
				GENERATE_INFOPLIST_FILE = YES;
				MARKETING_VERSION = 1.0;
				PRODUCT_BUNDLE_IDENTIFIER = com.darothub.swift.TryTinggUITests;
				PRODUCT_NAME = "$(TARGET_NAME)";
				SWIFT_EMIT_LOC_STRINGS = NO;
				SWIFT_VERSION = 5.0;
				TARGETED_DEVICE_FAMILY = "1,2";
				TEST_TARGET_NAME = TryTingg;
			};
			name = Debug;
		};
		049E75E02810BDA2000DBBA8 /* Release */ = {
			isa = XCBuildConfiguration;
			buildSettings = {
				ALWAYS_EMBED_SWIFT_STANDARD_LIBRARIES = YES;
				CODE_SIGN_STYLE = Automatic;
				CURRENT_PROJECT_VERSION = 1;
				DEVELOPMENT_TEAM = 5Q5ZQNKVUT;
				GENERATE_INFOPLIST_FILE = YES;
				MARKETING_VERSION = 1.0;
				PRODUCT_BUNDLE_IDENTIFIER = com.darothub.swift.TryTinggUITests;
				PRODUCT_NAME = "$(TARGET_NAME)";
				SWIFT_EMIT_LOC_STRINGS = NO;
				SWIFT_VERSION = 5.0;
				TARGETED_DEVICE_FAMILY = "1,2";
				TEST_TARGET_NAME = TryTingg;
			};
			name = Release;
		};
/* End XCBuildConfiguration section */

/* Begin XCConfigurationList section */
		049E75AF2810BD9D000DBBA8 /* Build configuration list for PBXProject "TryTingg" */ = {
			isa = XCConfigurationList;
			buildConfigurations = (
				049E75D62810BDA2000DBBA8 /* Debug */,
				049E75D72810BDA2000DBBA8 /* Release */,
			);
			defaultConfigurationIsVisible = 0;
			defaultConfigurationName = Release;
		};
		049E75D82810BDA2000DBBA8 /* Build configuration list for PBXNativeTarget "TryTingg" */ = {
			isa = XCConfigurationList;
			buildConfigurations = (
				049E75D92810BDA2000DBBA8 /* Debug */,
				049E75DA2810BDA2000DBBA8 /* Release */,
			);
			defaultConfigurationIsVisible = 0;
			defaultConfigurationName = Release;
		};
		049E75DB2810BDA2000DBBA8 /* Build configuration list for PBXNativeTarget "TryTinggTests" */ = {
			isa = XCConfigurationList;
			buildConfigurations = (
				049E75DC2810BDA2000DBBA8 /* Debug */,
				049E75DD2810BDA2000DBBA8 /* Release */,
			);
			defaultConfigurationIsVisible = 0;
			defaultConfigurationName = Release;
		};
		049E75DE2810BDA2000DBBA8 /* Build configuration list for PBXNativeTarget "TryTinggUITests" */ = {
			isa = XCConfigurationList;
			buildConfigurations = (
				049E75DF2810BDA2000DBBA8 /* Debug */,
				049E75E02810BDA2000DBBA8 /* Release */,
			);
			defaultConfigurationIsVisible = 0;
			defaultConfigurationName = Release;
		};
/* End XCConfigurationList section */
	};
	rootObject = 049E75AC2810BD9D000DBBA8 /* Project object */;
}
